
Microsoft Visual Studio Solution File, Format Version 12.00
# Visual Studio Version 16
VisualStudioVersion = 16.0.29324.140
MinimumVisualStudioVersion = 10.0.40219.1
Project("{9A19103F-16F7-4668-BE54-9A1E7A4F7556}") = "Web.Server", "Web\Server\Web.Server.csproj", "{EC863E54-5388-4369-B277-4741AB6D7D39}"
EndProject
Project("{9A19103F-16F7-4668-BE54-9A1E7A4F7556}") = "ApiGateways.Web", "ApiGateways\Web\ApiGateways.Web.csproj", "{99263C12-B14D-4C29-A586-0E6601F5054E}"
EndProject
Project("{9A19103F-16F7-4668-BE54-9A1E7A4F7556}") = "Core.API", "Services\Core\Core.API\Core.API.csproj", "{3539D938-4454-4C76-B865-48A6DA2AD4C9}"
EndProject
Project("{9A19103F-16F7-4668-BE54-9A1E7A4F7556}") = "Core.Domain", "Services\Core\Core.Domain\Core.Domain.csproj", "{BE398E98-906C-4874-96CF-2021B003E420}"
EndProject
Project("{9A19103F-16F7-4668-BE54-9A1E7A4F7556}") = "Core.Infrastructure", "Services\Core\Core.Infrastructure\Core.Infrastructure.csproj", "{7F32A172-7286-44CB-B50B-3D0A861A0A1B}"
EndProject
Global
	GlobalSection(SolutionConfigurationPlatforms) = preSolution
		Debug|Any CPU = Debug|Any CPU
		Release|Any CPU = Release|Any CPU
	EndGlobalSection
	GlobalSection(ProjectConfigurationPlatforms) = postSolution
		{EC863E54-5388-4369-B277-4741AB6D7D39}.Debug|Any CPU.ActiveCfg = Debug|Any CPU
		{EC863E54-5388-4369-B277-4741AB6D7D39}.Debug|Any CPU.Build.0 = Debug|Any CPU
		{EC863E54-5388-4369-B277-4741AB6D7D39}.Release|Any CPU.ActiveCfg = Release|Any CPU
		{EC863E54-5388-4369-B277-4741AB6D7D39}.Release|Any CPU.Build.0 = Release|Any CPU
		{99263C12-B14D-4C29-A586-0E6601F5054E}.Debug|Any CPU.ActiveCfg = Debug|Any CPU
		{99263C12-B14D-4C29-A586-0E6601F5054E}.Debug|Any CPU.Build.0 = Debug|Any CPU
		{99263C12-B14D-4C29-A586-0E6601F5054E}.Release|Any CPU.ActiveCfg = Release|Any CPU
		{99263C12-B14D-4C29-A586-0E6601F5054E}.Release|Any CPU.Build.0 = Release|Any CPU
		{3539D938-4454-4C76-B865-48A6DA2AD4C9}.Debug|Any CPU.ActiveCfg = Debug|Any CPU
		{3539D938-4454-4C76-B865-48A6DA2AD4C9}.Debug|Any CPU.Build.0 = Debug|Any CPU
		{3539D938-4454-4C76-B865-48A6DA2AD4C9}.Release|Any CPU.ActiveCfg = Release|Any CPU
		{3539D938-4454-4C76-B865-48A6DA2AD4C9}.Release|Any CPU.Build.0 = Release|Any CPU
		{BE398E98-906C-4874-96CF-2021B003E420}.Debug|Any CPU.ActiveCfg = Debug|Any CPU
		{BE398E98-906C-4874-96CF-2021B003E420}.Debug|Any CPU.Build.0 = Debug|Any CPU
		{BE398E98-906C-4874-96CF-2021B003E420}.Release|Any CPU.ActiveCfg = Release|Any CPU
		{BE398E98-906C-4874-96CF-2021B003E420}.Release|Any CPU.Build.0 = Release|Any CPU
		{7F32A172-7286-44CB-B50B-3D0A861A0A1B}.Debug|Any CPU.ActiveCfg = Debug|Any CPU
		{7F32A172-7286-44CB-B50B-3D0A861A0A1B}.Debug|Any CPU.Build.0 = Debug|Any CPU
		{7F32A172-7286-44CB-B50B-3D0A861A0A1B}.Release|Any CPU.ActiveCfg = Release|Any CPU
		{7F32A172-7286-44CB-B50B-3D0A861A0A1B}.Release|Any CPU.Build.0 = Release|Any CPU
	EndGlobalSection
	GlobalSection(SolutionProperties) = preSolution
		HideSolutionNode = FALSE
	EndGlobalSection
	GlobalSection(ExtensibilityGlobals) = postSolution
		SolutionGuid = {C7BAC212-F5C7-4565-B810-FF2994F4811B}
	EndGlobalSection
EndGlobal
